// !$*UTF8*$!
{
	archiveVersion = 1;
	classes = {
	};
	objectVersion = 55;
	objects = {

/* Begin PBXBuildFile section */
		044CC7A527F9D4BA00290F40 /* The_WeatherApp.swift in Sources */ = {isa = PBXBuildFile; fileRef = 044CC7A427F9D4BA00290F40 /* The_WeatherApp.swift */; };
		044CC7A727F9D4BA00290F40 /* ContentView.swift in Sources */ = {isa = PBXBuildFile; fileRef = 044CC7A627F9D4BA00290F40 /* ContentView.swift */; };
		044CC7A927F9D4BD00290F40 /* Assets.xcassets in Resources */ = {isa = PBXBuildFile; fileRef = 044CC7A827F9D4BD00290F40 /* Assets.xcassets */; };
		044CC7AC27F9D4BD00290F40 /* Preview Assets.xcassets in Resources */ = {isa = PBXBuildFile; fileRef = 044CC7AB27F9D4BD00290F40 /* Preview Assets.xcassets */; };
		044CC7B627F9E75700290F40 /* Home.swift in Sources */ = {isa = PBXBuildFile; fileRef = 044CC7B527F9E75700290F40 /* Home.swift */; };
		044CC7B827F9EC8800290F40 /* CustomStackView.swift in Sources */ = {isa = PBXBuildFile; fileRef = 044CC7B727F9EC8800290F40 /* CustomStackView.swift */; };
		044CC7BA27F9EE4900290F40 /* CustomCorner.swift in Sources */ = {isa = PBXBuildFile; fileRef = 044CC7B927F9EE4900290F40 /* CustomCorner.swift */; };
		044CC7BC27FA41A800290F40 /* WeatherDataView.swift in Sources */ = {isa = PBXBuildFile; fileRef = 044CC7BB27FA41A800290F40 /* WeatherDataView.swift */; };
		044CC7BE27FA492000290F40 /* Forecast.swift in Sources */ = {isa = PBXBuildFile; fileRef = 044CC7BD27FA492000290F40 /* Forecast.swift */; };
/* End PBXBuildFile section */

/* Begin PBXFileReference section */
		044CC7A127F9D4BA00290F40 /* The Weather.app */ = {isa = PBXFileReference; explicitFileType = wrapper.application; includeInIndex = 0; path = "The Weather.app"; sourceTree = BUILT_PRODUCTS_DIR; };
		044CC7A427F9D4BA00290F40 /* The_WeatherApp.swift */ = {isa = PBXFileReference; lastKnownFileType = sourcecode.swift; path = The_WeatherApp.swift; sourceTree = "<group>"; };
		044CC7A627F9D4BA00290F40 /* ContentView.swift */ = {isa = PBXFileReference; lastKnownFileType = sourcecode.swift; path = ContentView.swift; sourceTree = "<group>"; };
		044CC7A827F9D4BD00290F40 /* Assets.xcassets */ = {isa = PBXFileReference; lastKnownFileType = folder.assetcatalog; path = Assets.xcassets; sourceTree = "<group>"; };
		044CC7AB27F9D4BD00290F40 /* Preview Assets.xcassets */ = {isa = PBXFileReference; lastKnownFileType = folder.assetcatalog; path = "Preview Assets.xcassets"; sourceTree = "<group>"; };
		044CC7B527F9E75700290F40 /* Home.swift */ = {isa = PBXFileReference; lastKnownFileType = sourcecode.swift; path = Home.swift; sourceTree = "<group>"; };
		044CC7B727F9EC8800290F40 /* CustomStackView.swift */ = {isa = PBXFileReference; lastKnownFileType = sourcecode.swift; path = CustomStackView.swift; sourceTree = "<group>"; };
		044CC7B927F9EE4900290F40 /* CustomCorner.swift */ = {isa = PBXFileReference; lastKnownFileType = sourcecode.swift; path = CustomCorner.swift; sourceTree = "<group>"; };
		044CC7BB27FA41A800290F40 /* WeatherDataView.swift */ = {isa = PBXFileReference; lastKnownFileType = sourcecode.swift; path = WeatherDataView.swift; sourceTree = "<group>"; };
		044CC7BD27FA492000290F40 /* Forecast.swift */ = {isa = PBXFileReference; lastKnownFileType = sourcecode.swift; path = Forecast.swift; sourceTree = "<group>"; };
/* End PBXFileReference section */

/* Begin PBXFrameworksBuildPhase section */
		044CC79E27F9D4BA00290F40 /* Frameworks */ = {
			isa = PBXFrameworksBuildPhase;
			buildActionMask = 2147483647;
			files = (
			);
			runOnlyForDeploymentPostprocessing = 0;
		};
/* End PBXFrameworksBuildPhase section */

/* Begin PBXGroup section */
		044CC79827F9D4BA00290F40 = {
			isa = PBXGroup;
			children = (
				044CC7A327F9D4BA00290F40 /* The Weather */,
				044CC7A227F9D4BA00290F40 /* Products */,
			);
			sourceTree = "<group>";
		};
		044CC7A227F9D4BA00290F40 /* Products */ = {
			isa = PBXGroup;
			children = (
				044CC7A127F9D4BA00290F40 /* The Weather.app */,
			);
			name = Products;
			sourceTree = "<group>";
		};
		044CC7A327F9D4BA00290F40 /* The Weather */ = {
			isa = PBXGroup;
			children = (
				044CC7B427F9E74400290F40 /* Component */,
				044CC7B327F9E73D00290F40 /* Model */,
				044CC7B227F9E73300290F40 /* Views */,
				044CC7A427F9D4BA00290F40 /* The_WeatherApp.swift */,
				044CC7A827F9D4BD00290F40 /* Assets.xcassets */,
				044CC7AA27F9D4BD00290F40 /* Preview Content */,
			);
			path = "The Weather";
			sourceTree = "<group>";
		};
		044CC7AA27F9D4BD00290F40 /* Preview Content */ = {
			isa = PBXGroup;
			children = (
				044CC7AB27F9D4BD00290F40 /* Preview Assets.xcassets */,
			);
			path = "Preview Content";
			sourceTree = "<group>";
		};
		044CC7B227F9E73300290F40 /* Views */ = {
			isa = PBXGroup;
			children = (
				044CC7A627F9D4BA00290F40 /* ContentView.swift */,
				044CC7B527F9E75700290F40 /* Home.swift */,
				044CC7B727F9EC8800290F40 /* CustomStackView.swift */,
				044CC7BB27FA41A800290F40 /* WeatherDataView.swift */,
			);
			path = Views;
			sourceTree = "<group>";
		};
		044CC7B327F9E73D00290F40 /* Model */ = {
			isa = PBXGroup;
			children = (
				044CC7BD27FA492000290F40 /* Forecast.swift */,
			);
			path = Model;
			sourceTree = "<group>";
		};
		044CC7B427F9E74400290F40 /* Component */ = {
			isa = PBXGroup;
			children = (
				044CC7B927F9EE4900290F40 /* CustomCorner.swift */,
			);
			path = Component;
			sourceTree = "<group>";
		};
/* End PBXGroup section */

/* Begin PBXNativeTarget section */
		044CC7A027F9D4BA00290F40 /* The Weather */ = {
			isa = PBXNativeTarget;
			buildConfigurationList = 044CC7AF27F9D4BD00290F40 /* Build configuration list for PBXNativeTarget "The Weather" */;
			buildPhases = (
				044CC79D27F9D4BA00290F40 /* Sources */,
				044CC79E27F9D4BA00290F40 /* Frameworks */,
				044CC79F27F9D4BA00290F40 /* Resources */,
			);
			buildRules = (
			);
			dependencies = (
			);
			name = "The Weather";
			productName = "The Weather";
			productReference = 044CC7A127F9D4BA00290F40 /* The Weather.app */;
			productType = "com.apple.product-type.application";
		};
/* End PBXNativeTarget section */

/* Begin PBXProject section */
		044CC79927F9D4BA00290F40 /* Project object */ = {
			isa = PBXProject;
			attributes = {
				BuildIndependentTargetsInParallel = 1;
				LastSwiftUpdateCheck = 1320;
				LastUpgradeCheck = 1320;
				TargetAttributes = {
					044CC7A027F9D4BA00290F40 = {
						CreatedOnToolsVersion = 13.2.1;
					};
				};
			};
			buildConfigurationList = 044CC79C27F9D4BA00290F40 /* Build configuration list for PBXProject "The Weather" */;
			compatibilityVersion = "Xcode 13.0";
			developmentRegion = en;
			hasScannedForEncodings = 0;
			knownRegions = (
				en,
				Base,
			);
			mainGroup = 044CC79827F9D4BA00290F40;
			productRefGroup = 044CC7A227F9D4BA00290F40 /* Products */;
			projectDirPath = "";
			projectRoot = "";
			targets = (
				044CC7A027F9D4BA00290F40 /* The Weather */,
			);
		};
/* End PBXProject section */

/* Begin PBXResourcesBuildPhase section */
		044CC79F27F9D4BA00290F40 /* Resources */ = {
			isa = PBXResourcesBuildPhase;
			buildActionMask = 2147483647;
			files = (
				044CC7AC27F9D4BD00290F40 /* Preview Assets.xcassets in Resources */,
				044CC7A927F9D4BD00290F40 /* Assets.xcassets in Resources */,
			);
			runOnlyForDeploymentPostprocessing = 0;
		};
/* End PBXResourcesBuildPhase section */

/* Begin PBXSourcesBuildPhase section */
		044CC79D27F9D4BA00290F40 /* Sources */ = {
			isa = PBXSourcesBuildPhase;
			buildActionMask = 2147483647;
			files = (
				044CC7B827F9EC8800290F40 /* CustomStackView.swift in Sources */,
				044CC7BC27FA41A800290F40 /* WeatherDataView.swift in Sources */,
				044CC7BE27FA492000290F40 /* Forecast.swift in Sources */,
				044CC7BA27F9EE4900290F40 /* CustomCorner.swift in Sources */,
				044CC7A727F9D4BA00290F40 /* ContentView.swift in Sources */,
				044CC7B627F9E75700290F40 /* Home.swift in Sources */,
				044CC7A527F9D4BA00290F40 /* The_WeatherApp.swift in Sources */,
			);
			runOnlyForDeploymentPostprocessing = 0;
		};
/* End PBXSourcesBuildPhase section */

/* Begin XCBuildConfiguration section */
		044CC7AD27F9D4BD00290F40 /* Debug */ = {
			isa = XCBuildConfiguration;
			buildSettings = {
				ALWAYS_SEARCH_USER_PATHS = NO;
				CLANG_ANALYZER_NONNULL = YES;
				CLANG_ANALYZER_NUMBER_OBJECT_CONVERSION = YES_AGGRESSIVE;
				CLANG_CXX_LANGUAGE_STANDARD = "gnu++17";
				CLANG_CXX_LIBRARY = "libc++";
				CLANG_ENABLE_MODULES = YES;
				CLANG_ENABLE_OBJC_ARC = YES;
				CLANG_ENABLE_OBJC_WEAK = YES;
				CLANG_WARN_BLOCK_CAPTURE_AUTORELEASING = YES;
				CLANG_WARN_BOOL_CONVERSION = YES;
				CLANG_WARN_COMMA = YES;
				CLANG_WARN_CONSTANT_CONVERSION = YES;
				CLANG_WARN_DEPRECATED_OBJC_IMPLEMENTATIONS = YES;
				CLANG_WARN_DIRECT_OBJC_ISA_USAGE = YES_ERROR;
				CLANG_WARN_DOCUMENTATION_COMMENTS = YES;
				CLANG_WARN_EMPTY_BODY = YES;
				CLANG_WARN_ENUM_CONVERSION = YES;
				CLANG_WARN_INFINITE_RECURSION = YES;
				CLANG_WARN_INT_CONVERSION = YES;
				CLANG_WARN_NON_LITERAL_NULL_CONVERSION = YES;
				CLANG_WARN_OBJC_IMPLICIT_RETAIN_SELF = YES;
				CLANG_WARN_OBJC_LITERAL_CONVERSION = YES;
				CLANG_WARN_OBJC_ROOT_CLASS = YES_ERROR;
				CLANG_WARN_QUOTED_INCLUDE_IN_FRAMEWORK_HEADER = YES;
				CLANG_WARN_RANGE_LOOP_ANALYSIS = YES;
				CLANG_WARN_STRICT_PROTOTYPES = YES;
				CLANG_WARN_SUSPICIOUS_MOVE = YES;
				CLANG_WARN_UNGUARDED_AVAILABILITY = YES_AGGRESSIVE;
				CLANG_WARN_UNREACHABLE_CODE = YES;
				CLANG_WARN__DUPLICATE_METHOD_MATCH = YES;
				COPY_PHASE_STRIP = NO;
				DEBUG_INFORMATION_FORMAT = dwarf;
				ENABLE_STRICT_OBJC_MSGSEND = YES;
				ENABLE_TESTABILITY = YES;
				GCC_C_LANGUAGE_STANDARD = gnu11;
				GCC_DYNAMIC_NO_PIC = NO;
				GCC_NO_COMMON_BLOCKS = YES;
				GCC_OPTIMIZATION_LEVEL = 0;
				GCC_PREPROCESSOR_DEFINITIONS = (
					"DEBUG=1",
					"$(inherited)",
				);
				GCC_WARN_64_TO_32_BIT_CONVERSION = YES;
				GCC_WARN_ABOUT_RETURN_TYPE = YES_ERROR;
				GCC_WARN_UNDECLARED_SELECTOR = YES;
				GCC_WARN_UNINITIALIZED_AUTOS = YES_AGGRESSIVE;
				GCC_WARN_UNUSED_FUNCTION = YES;
				GCC_WARN_UNUSED_VARIABLE = YES;
				IPHONEOS_DEPLOYMENT_TARGET = 15.2;
				MTL_ENABLE_DEBUG_INFO = INCLUDE_SOURCE;
				MTL_FAST_MATH = YES;
				ONLY_ACTIVE_ARCH = YES;
				SDKROOT = iphoneos;
				SWIFT_ACTIVE_COMPILATION_CONDITIONS = DEBUG;
				SWIFT_OPTIMIZATION_LEVEL = "-Onone";
			};
			name = Debug;
		};
		044CC7AE27F9D4BD00290F40 /* Release */ = {
			isa = XCBuildConfiguration;
			buildSettings = {
				ALWAYS_SEARCH_USER_PATHS = NO;
				CLANG_ANALYZER_NONNULL = YES;
				CLANG_ANALYZER_NUMBER_OBJECT_CONVERSION = YES_AGGRESSIVE;
				CLANG_CXX_LANGUAGE_STANDARD = "gnu++17";
				CLANG_CXX_LIBRARY = "libc++";
				CLANG_ENABLE_MODULES = YES;
				CLANG_ENABLE_OBJC_ARC = YES;
				CLANG_ENABLE_OBJC_WEAK = YES;
				CLANG_WARN_BLOCK_CAPTURE_AUTORELEASING = YES;
				CLANG_WARN_BOOL_CONVERSION = YES;
				CLANG_WARN_COMMA = YES;
				CLANG_WARN_CONSTANT_CONVERSION = YES;
				CLANG_WARN_DEPRECATED_OBJC_IMPLEMENTATIONS = YES;
				CLANG_WARN_DIRECT_OBJC_ISA_USAGE = YES_ERROR;
				CLANG_WARN_DOCUMENTATION_COMMENTS = YES;
				CLANG_WARN_EMPTY_BODY = YES;
				CLANG_WARN_ENUM_CONVERSION = YES;
				CLANG_WARN_INFINITE_RECURSION = YES;
				CLANG_WARN_INT_CONVERSION = YES;
				CLANG_WARN_NON_LITERAL_NULL_CONVERSION = YES;
				CLANG_WARN_OBJC_IMPLICIT_RETAIN_SELF = YES;
				CLANG_WARN_OBJC_LITERAL_CONVERSION = YES;
				CLANG_WARN_OBJC_ROOT_CLASS = YES_ERROR;
				CLANG_WARN_QUOTED_INCLUDE_IN_FRAMEWORK_HEADER = YES;
				CLANG_WARN_RANGE_LOOP_ANALYSIS = YES;
				CLANG_WARN_STRICT_PROTOTYPES = YES;
				CLANG_WARN_SUSPICIOUS_MOVE = YES;
				CLANG_WARN_UNGUARDED_AVAILABILITY = YES_AGGRESSIVE;
				CLANG_WARN_UNREACHABLE_CODE = YES;
				CLANG_WARN__DUPLICATE_METHOD_MATCH = YES;
				COPY_PHASE_STRIP = NO;
				DEBUG_INFORMATION_FORMAT = "dwarf-with-dsym";
				ENABLE_NS_ASSERTIONS = NO;
				ENABLE_STRICT_OBJC_MSGSEND = YES;
				GCC_C_LANGUAGE_STANDARD = gnu11;
				GCC_NO_COMMON_BLOCKS = YES;
				GCC_WARN_64_TO_32_BIT_CONVERSION = YES;
				GCC_WARN_ABOUT_RETURN_TYPE = YES_ERROR;
				GCC_WARN_UNDECLARED_SELECTOR = YES;
				GCC_WARN_UNINITIALIZED_AUTOS = YES_AGGRESSIVE;
				GCC_WARN_UNUSED_FUNCTION = YES;
				GCC_WARN_UNUSED_VARIABLE = YES;
				IPHONEOS_DEPLOYMENT_TARGET = 15.2;
				MTL_ENABLE_DEBUG_INFO = NO;
				MTL_FAST_MATH = YES;
				SDKROOT = iphoneos;
				SWIFT_COMPILATION_MODE = wholemodule;
				SWIFT_OPTIMIZATION_LEVEL = "-O";
				VALIDATE_PRODUCT = YES;
			};
			name = Release;
		};
		044CC7B027F9D4BD00290F40 /* Debug */ = {
			isa = XCBuildConfiguration;
			buildSettings = {
				ASSETCATALOG_COMPILER_APPICON_NAME = AppIcon;
				ASSETCATALOG_COMPILER_GLOBAL_ACCENT_COLOR_NAME = AccentColor;
				CODE_SIGN_STYLE = Automatic;
				CURRENT_PROJECT_VERSION = 1;
				DEVELOPMENT_ASSET_PATHS = "\"The Weather/Preview Content\"";
				DEVELOPMENT_TEAM = NVBAMR8VDL;
				ENABLE_PREVIEWS = YES;
				GENERATE_INFOPLIST_FILE = YES;
				INFOPLIST_KEY_UIApplicationSceneManifest_Generation = YES;
				INFOPLIST_KEY_UIApplicationSupportsIndirectInputEvents = YES;
				INFOPLIST_KEY_UILaunchScreen_Generation = YES;
				INFOPLIST_KEY_UISupportedInterfaceOrientations_iPad = "UIInterfaceOrientationPortrait UIInterfaceOrientationPortraitUpsideDown UIInterfaceOrientationLandscapeLeft UIInterfaceOrientationLandscapeRight";
				INFOPLIST_KEY_UISupportedInterfaceOrientations_iPhone = "UIInterfaceOrientationPortrait UIInterfaceOrientationLandscapeLeft UIInterfaceOrientationLandscapeRight";
				IPHONEOS_DEPLOYMENT_TARGET = 15.0;
				LD_RUNPATH_SEARCH_PATHS = (
					"$(inherited)",
					"@executable_path/Frameworks",
				);
				MARKETING_VERSION = 1.0;
				PRODUCT_BUNDLE_IDENTIFIER = "com.5fourlab.The-Weather";
				PRODUCT_NAME = "$(TARGET_NAME)";
				SWIFT_EMIT_LOC_STRINGS = YES;
				SWIFT_VERSION = 5.0;
				TARGETED_DEVICE_FAMILY = "1,2";
			};
			name = Debug;
		};
		044CC7B127F9D4BD00290F40 /* Release */ = {
			isa = XCBuildConfiguration;
			buildSettings = {
				ASSETCATALOG_COMPILER_APPICON_NAME = AppIcon;
				ASSETCATALOG_COMPILER_GLOBAL_ACCENT_COLOR_NAME = AccentColor;
				CODE_SIGN_STYLE = Automatic;
				CURRENT_PROJECT_VERSION = 1;
				DEVELOPMENT_ASSET_PATHS = "\"The Weather/Preview Content\"";
				DEVELOPMENT_TEAM = NVBAMR8VDL;
				ENABLE_PREVIEWS = YES;
				GENERATE_INFOPLIST_FILE = YES;
				INFOPLIST_KEY_UIApplicationSceneManifest_Generation = YES;
				INFOPLIST_KEY_UIApplicationSupportsIndirectInputEvents = YES;
				INFOPLIST_KEY_UILaunchScreen_Generation = YES;
				INFOPLIST_KEY_UISupportedInterfaceOrientations_iPad = "UIInterfaceOrientationPortrait UIInterfaceOrientationPortraitUpsideDown UIInterfaceOrientationLandscapeLeft UIInterfaceOrientationLandscapeRight";
				INFOPLIST_KEY_UISupportedInterfaceOrientations_iPhone = "UIInterfaceOrientationPortrait UIInterfaceOrientationLandscapeLeft UIInterfaceOrientationLandscapeRight";
				IPHONEOS_DEPLOYMENT_TARGET = 15.0;
				LD_RUNPATH_SEARCH_PATHS = (
					"$(inherited)",
					"@executable_path/Frameworks",
				);
				MARKETING_VERSION = 1.0;
				PRODUCT_BUNDLE_IDENTIFIER = "com.5fourlab.The-Weather";
				PRODUCT_NAME = "$(TARGET_NAME)";
				SWIFT_EMIT_LOC_STRINGS = YES;
				SWIFT_VERSION = 5.0;
				TARGETED_DEVICE_FAMILY = "1,2";
			};
			name = Release;
		};
/* End XCBuildConfiguration section */

/* Begin XCConfigurationList section */
		044CC79C27F9D4BA00290F40 /* Build configuration list for PBXProject "The Weather" */ = {
			isa = XCConfigurationList;
			buildConfigurations = (
				044CC7AD27F9D4BD00290F40 /* Debug */,
				044CC7AE27F9D4BD00290F40 /* Release */,
			);
			defaultConfigurationIsVisible = 0;
			defaultConfigurationName = Release;
		};
		044CC7AF27F9D4BD00290F40 /* Build configuration list for PBXNativeTarget "The Weather" */ = {
			isa = XCConfigurationList;
			buildConfigurations = (
				044CC7B027F9D4BD00290F40 /* Debug */,
				044CC7B127F9D4BD00290F40 /* Release */,
			);
			defaultConfigurationIsVisible = 0;
			defaultConfigurationName = Release;
		};
/* End XCConfigurationList section */
	};
	rootObject = 044CC79927F9D4BA00290F40 /* Project object */;
}
